
Microsoft Visual Studio Solution File, Format Version 12.00
# Visual Studio Version 17
VisualStudioVersion = 17.14.36705.20
MinimumVisualStudioVersion = 10.0.40219.1
Project("{FAE04EC0-301F-11D3-BF4B-00C04F79EFBC}") = "CSharp_OOP_Practice", "CSharp_OOP_Practice.csproj", "{F27069E1-3539-4FE3-A254-86AF100EE11C}"
EndProject
Project("{FAE04EC0-301F-11D3-BF4B-00C04F79EFBC}") = "Bank3.0", "..\Bank3.0\Bank3.0.csproj", "{A7A6FCF7-CF11-4D31-A73B-BE0E818411E1}"
EndProject
Project("{FAE04EC0-301F-11D3-BF4B-00C04F79EFBC}") = "StudentBook", "..\StudentBook\StudentBook.csproj", "{80396547-2E36-4A91-8716-82794434BEDF}"
EndProject
Project("{FAE04EC0-301F-11D3-BF4B-00C04F79EFBC}") = "BatteOfHeroes", "..\BatteOfHeroes\BatteOfHeroes.csproj", "{58422F36-13F1-4E20-BCE4-91EA900874F0}"
EndProject
Project("{FAE04EC0-301F-11D3-BF4B-00C04F79EFBC}") = "OfficeSimulator", "..\OfficeSimulator\OfficeSimulator.csproj", "{1CEED444-C8CA-45D2-BED9-D2CAAC249192}"
EndProject
Global
	GlobalSection(SolutionConfigurationPlatforms) = preSolution
		Debug|Any CPU = Debug|Any CPU
		Release|Any CPU = Release|Any CPU
	EndGlobalSection
	GlobalSection(ProjectConfigurationPlatforms) = postSolution
		{F27069E1-3539-4FE3-A254-86AF100EE11C}.Debug|Any CPU.ActiveCfg = Debug|Any CPU
		{F27069E1-3539-4FE3-A254-86AF100EE11C}.Debug|Any CPU.Build.0 = Debug|Any CPU
		{F27069E1-3539-4FE3-A254-86AF100EE11C}.Release|Any CPU.ActiveCfg = Release|Any CPU
		{F27069E1-3539-4FE3-A254-86AF100EE11C}.Release|Any CPU.Build.0 = Release|Any CPU
		{A7A6FCF7-CF11-4D31-A73B-BE0E818411E1}.Debug|Any CPU.ActiveCfg = Debug|Any CPU
		{A7A6FCF7-CF11-4D31-A73B-BE0E818411E1}.Debug|Any CPU.Build.0 = Debug|Any CPU
		{A7A6FCF7-CF11-4D31-A73B-BE0E818411E1}.Release|Any CPU.ActiveCfg = Release|Any CPU
		{A7A6FCF7-CF11-4D31-A73B-BE0E818411E1}.Release|Any CPU.Build.0 = Release|Any CPU
		{80396547-2E36-4A91-8716-82794434BEDF}.Debug|Any CPU.ActiveCfg = Debug|Any CPU
		{80396547-2E36-4A91-8716-82794434BEDF}.Debug|Any CPU.Build.0 = Debug|Any CPU
		{80396547-2E36-4A91-8716-82794434BEDF}.Release|Any CPU.ActiveCfg = Release|Any CPU
		{80396547-2E36-4A91-8716-82794434BEDF}.Release|Any CPU.Build.0 = Release|Any CPU
		{58422F36-13F1-4E20-BCE4-91EA900874F0}.Debug|Any CPU.ActiveCfg = Debug|Any CPU
		{58422F36-13F1-4E20-BCE4-91EA900874F0}.Debug|Any CPU.Build.0 = Debug|Any CPU
		{58422F36-13F1-4E20-BCE4-91EA900874F0}.Release|Any CPU.ActiveCfg = Release|Any CPU
		{58422F36-13F1-4E20-BCE4-91EA900874F0}.Release|Any CPU.Build.0 = Release|Any CPU
		{1CEED444-C8CA-45D2-BED9-D2CAAC249192}.Debug|Any CPU.ActiveCfg = Debug|Any CPU
		{1CEED444-C8CA-45D2-BED9-D2CAAC249192}.Debug|Any CPU.Build.0 = Debug|Any CPU
		{1CEED444-C8CA-45D2-BED9-D2CAAC249192}.Release|Any CPU.ActiveCfg = Release|Any CPU
		{1CEED444-C8CA-45D2-BED9-D2CAAC249192}.Release|Any CPU.Build.0 = Release|Any CPU
	EndGlobalSection
	GlobalSection(SolutionProperties) = preSolution
		HideSolutionNode = FALSE
	EndGlobalSection
	GlobalSection(ExtensibilityGlobals) = postSolution
		SolutionGuid = {657306B6-9AE4-49E0-BCA7-FF716F6D5276}
	EndGlobalSection
EndGlobal
